
Microsoft Visual Studio Solution File, Format Version 11.00
# Visual Studio 2010
Project("{FAE04EC0-301F-11D3-BF4B-00C04F79EFBC}") = "BullsAndCows", "BullsAndCows\BullsAndCows.csproj", "{180825F2-0179-49A3-B461-DBE2C45980F4}"
EndProject
Project("{FAE04EC0-301F-11D3-BF4B-00C04F79EFBC}") = "BullsAndCowsTest", "BullsAndCowsTest\BullsAndCowsTest.csproj", "{EF860CA3-4DBD-4638-9D39-8D43611F9CF4}"
EndProject
Project("{2150E333-8FDC-42A3-9474-1A3956D46DE8}") = "Solution Items", "Solution Items", "{EC6AC903-6AF7-42DB-8DB7-9CA271D457A7}"
	ProjectSection(SolutionItems) = preProject
		BullsAndCows.vsmdi = BullsAndCows.vsmdi
		Local.testsettings = Local.testsettings
		TraceAndTestImpact.testsettings = TraceAndTestImpact.testsettings
	EndProjectSection
EndProject
Global
	GlobalSection(TestCaseManagementSettings) = postSolution
		CategoryFile = BullsAndCows.vsmdi
	EndGlobalSection
	GlobalSection(SolutionConfigurationPlatforms) = preSolution
		Debug|Any CPU = Debug|Any CPU
		Debug|Mixed Platforms = Debug|Mixed Platforms
		Debug|x86 = Debug|x86
		Release|Any CPU = Release|Any CPU
		Release|Mixed Platforms = Release|Mixed Platforms
		Release|x86 = Release|x86
	EndGlobalSection
	GlobalSection(ProjectConfigurationPlatforms) = postSolution
		{180825F2-0179-49A3-B461-DBE2C45980F4}.Debug|Any CPU.ActiveCfg = Debug|x86
		{180825F2-0179-49A3-B461-DBE2C45980F4}.Debug|Mixed Platforms.ActiveCfg = Debug|x86
		{180825F2-0179-49A3-B461-DBE2C45980F4}.Debug|Mixed Platforms.Build.0 = Debug|x86
		{180825F2-0179-49A3-B461-DBE2C45980F4}.Debug|x86.ActiveCfg = Debug|x86
		{180825F2-0179-49A3-B461-DBE2C45980F4}.Debug|x86.Build.0 = Debug|x86
		{180825F2-0179-49A3-B461-DBE2C45980F4}.Release|Any CPU.ActiveCfg = Release|x86
		{180825F2-0179-49A3-B461-DBE2C45980F4}.Release|Mixed Platforms.ActiveCfg = Release|x86
		{180825F2-0179-49A3-B461-DBE2C45980F4}.Release|Mixed Platforms.Build.0 = Release|x86
		{180825F2-0179-49A3-B461-DBE2C45980F4}.Release|x86.ActiveCfg = Release|x86
		{180825F2-0179-49A3-B461-DBE2C45980F4}.Release|x86.Build.0 = Release|x86
		{EF860CA3-4DBD-4638-9D39-8D43611F9CF4}.Debug|Any CPU.ActiveCfg = Debug|Any CPU
		{EF860CA3-4DBD-4638-9D39-8D43611F9CF4}.Debug|Any CPU.Build.0 = Debug|Any CPU
		{EF860CA3-4DBD-4638-9D39-8D43611F9CF4}.Debug|Mixed Platforms.ActiveCfg = Debug|Any CPU
		{EF860CA3-4DBD-4638-9D39-8D43611F9CF4}.Debug|Mixed Platforms.Build.0 = Debug|Any CPU
		{EF860CA3-4DBD-4638-9D39-8D43611F9CF4}.Debug|x86.ActiveCfg = Debug|Any CPU
		{EF860CA3-4DBD-4638-9D39-8D43611F9CF4}.Release|Any CPU.ActiveCfg = Release|Any CPU
		{EF860CA3-4DBD-4638-9D39-8D43611F9CF4}.Release|Any CPU.Build.0 = Release|Any CPU
		{EF860CA3-4DBD-4638-9D39-8D43611F9CF4}.Release|Mixed Platforms.ActiveCfg = Release|Any CPU
		{EF860CA3-4DBD-4638-9D39-8D43611F9CF4}.Release|Mixed Platforms.Build.0 = Release|Any CPU
		{EF860CA3-4DBD-4638-9D39-8D43611F9CF4}.Release|x86.ActiveCfg = Release|Any CPU
	EndGlobalSection
	GlobalSection(SolutionProperties) = preSolution
		HideSolutionNode = FALSE
	EndGlobalSection
EndGlobal
